
Microsoft Visual Studio Solution File, Format Version 12.00
# Visual Studio Version 17
VisualStudioVersion = 17.5.33424.131
MinimumVisualStudioVersion = 10.0.40219.1
Project("{FAE04EC0-301F-11D3-BF4B-00C04F79EFBC}") = "Abc.Core", "Abc.Core\Abc.Core.csproj", "{A5193475-C853-416C-890E-E33ADEB01DB0}"
EndProject
Project("{FAE04EC0-301F-11D3-BF4B-00C04F79EFBC}") = "Abc.Northwind.Entities", "Abc.Northwind.Entities\Abc.Northwind.Entities.csproj", "{92E16045-F252-441B-BA33-34E6FC278924}"
EndProject
Project("{FAE04EC0-301F-11D3-BF4B-00C04F79EFBC}") = "Abc.Northwind.DataAccess", "Abc.Northwind.DataAccess\Abc.Northwind.DataAccess.csproj", "{E4A26CF7-951A-4C90-9B1F-974FC0EAEDEA}"
EndProject
Project("{FAE04EC0-301F-11D3-BF4B-00C04F79EFBC}") = "Ab.Northwind.Business", "Ab.Northwind.Business\Ab.Northwind.Business.csproj", "{33A1614A-0402-42D4-87D4-2FD2F543A000}"
EndProject
Project("{FAE04EC0-301F-11D3-BF4B-00C04F79EFBC}") = "Abc.Northwind.MvcWebUI", "Abc.Northwind.MvcWebUI\Abc.Northwind.MvcWebUI.csproj", "{C2E28AE1-1B9D-4AD4-BD3A-806578724C53}"
EndProject
Global
	GlobalSection(SolutionConfigurationPlatforms) = preSolution
		Debug|Any CPU = Debug|Any CPU
		Release|Any CPU = Release|Any CPU
	EndGlobalSection
	GlobalSection(ProjectConfigurationPlatforms) = postSolution
		{A5193475-C853-416C-890E-E33ADEB01DB0}.Debug|Any CPU.ActiveCfg = Debug|Any CPU
		{A5193475-C853-416C-890E-E33ADEB01DB0}.Debug|Any CPU.Build.0 = Debug|Any CPU
		{A5193475-C853-416C-890E-E33ADEB01DB0}.Release|Any CPU.ActiveCfg = Release|Any CPU
		{A5193475-C853-416C-890E-E33ADEB01DB0}.Release|Any CPU.Build.0 = Release|Any CPU
		{92E16045-F252-441B-BA33-34E6FC278924}.Debug|Any CPU.ActiveCfg = Debug|Any CPU
		{92E16045-F252-441B-BA33-34E6FC278924}.Debug|Any CPU.Build.0 = Debug|Any CPU
		{92E16045-F252-441B-BA33-34E6FC278924}.Release|Any CPU.ActiveCfg = Release|Any CPU
		{92E16045-F252-441B-BA33-34E6FC278924}.Release|Any CPU.Build.0 = Release|Any CPU
		{E4A26CF7-951A-4C90-9B1F-974FC0EAEDEA}.Debug|Any CPU.ActiveCfg = Debug|Any CPU
		{E4A26CF7-951A-4C90-9B1F-974FC0EAEDEA}.Debug|Any CPU.Build.0 = Debug|Any CPU
		{E4A26CF7-951A-4C90-9B1F-974FC0EAEDEA}.Release|Any CPU.ActiveCfg = Release|Any CPU
		{E4A26CF7-951A-4C90-9B1F-974FC0EAEDEA}.Release|Any CPU.Build.0 = Release|Any CPU
		{33A1614A-0402-42D4-87D4-2FD2F543A000}.Debug|Any CPU.ActiveCfg = Debug|Any CPU
		{33A1614A-0402-42D4-87D4-2FD2F543A000}.Debug|Any CPU.Build.0 = Debug|Any CPU
		{33A1614A-0402-42D4-87D4-2FD2F543A000}.Release|Any CPU.ActiveCfg = Release|Any CPU
		{33A1614A-0402-42D4-87D4-2FD2F543A000}.Release|Any CPU.Build.0 = Release|Any CPU
		{C2E28AE1-1B9D-4AD4-BD3A-806578724C53}.Debug|Any CPU.ActiveCfg = Debug|Any CPU
		{C2E28AE1-1B9D-4AD4-BD3A-806578724C53}.Debug|Any CPU.Build.0 = Debug|Any CPU
		{C2E28AE1-1B9D-4AD4-BD3A-806578724C53}.Release|Any CPU.ActiveCfg = Release|Any CPU
		{C2E28AE1-1B9D-4AD4-BD3A-806578724C53}.Release|Any CPU.Build.0 = Release|Any CPU
	EndGlobalSection
	GlobalSection(SolutionProperties) = preSolution
		HideSolutionNode = FALSE
	EndGlobalSection
	GlobalSection(ExtensibilityGlobals) = postSolution
		SolutionGuid = {6B7320BA-9B62-49B3-A6B7-9F5A8CF918A4}
	EndGlobalSection
EndGlobal
